version = 1
revision = 3
requires-python = ">=3.13"

[[package]]
name = "dotenv"
version = "0.9.9"
source = { registry = "https://pypi.org/simple" }
dependencies = [
    { name = "python-dotenv" },
]
wheels = [
    { url = "https://files.pythonhosted.org/packages/b2/b7/545d2c10c1fc15e48653c91efde329a790f2eecfbbf2bd16003b5db2bab0/dotenv-0.9.9-py2.py3-none-any.whl", hash = "sha256:29cf74a087b31dafdb5a446b6d7e11cbce8ed2741540e2339c69fbef92c94ce9", size = 1892, upload-time = "2025-02-19T22:15:01.647Z" },
]

[[package]]
name = "fhds"
version = "1.4.4"
source = { virtual = "." }
dependencies = [
    { name = "dotenv" },
    { name = "hidapi" },
    { name = "psutil" },
    { name = "textual" },
]

[package.metadata]
requires-dist = [
    { name = "dotenv", specifier = ">=0.9.9" },
    { name = "hidapi", specifier = ">=0.15.0" },
    { name = "psutil", specifier = ">=7.2.2" },
    { name = "textual", specifier = ">=8.2.5" },
]

[[package]]
name = "hidapi"
version = "0.15.0"
source = { registry = "https://pypi.org/simple" }
sdist = { url = "https://files.pythonhosted.org/packages/74/f6/caad9ed701fbb9223eb9e0b41a5514390769b4cb3084a2704ab69e9df0fe/hidapi-0.15.0.tar.gz", hash = "sha256:ecbc265cbe8b7b88755f421e0ba25f084091ec550c2b90ff9e8ddd4fcd540311", size = 184995, upload-time = "2025-12-09T09:48:54.129Z" }
wheels = [
    { url = "https://files.pythonhosted.org/packages/d1/19/bda2dce4af8b8028e6d611d5caf60e223a4d32a638d1155eefdc6d8f2462/hidapi-0.15.0-cp313-cp313-macosx_10_13_x86_64.whl", hash = "sha256:f336dd2dc308928d54a6fdce137814a941a3633ad6722919d7a3142dd99005c2", size = 69045, upload-time = "2025-12-09T09:45:41.534Z" },
    { url = "https://files.pythonhosted.org/packages/1b/18/9b7d6b6a7561654b9b0d7b22fba9c5c971b36f5fc541b04e02d71928349d/hidapi-0.15.0-cp313-cp313-macosx_11_0_arm64.whl", hash = "sha256:8017f2213810c3e57d9ab64c2328c593a1129b25804240108a6451fe35cde193", size = 68755, upload-time = "2025-12-09T09:45:42.464Z" },
    { url = "https://files.pythonhosted.org/packages/f1/b0/f144cee5ce9e45518d234fd07c7a4f9a66de3a78ed42bf9f3f4083165e10/hidapi-0.15.0-cp313-cp313-manylinux2014_x86_64.manylinux_2_17_x86_64.whl", hash = "sha256:208c7fc89f78c3448d55957c3e12893778aa91218ed7dc22697e554f091fe4fe", size = 1072286, upload-time = "2025-12-09T09:45:47.236Z" },
    { url = "https://files.pythonhosted.org/packages/47/bf/7fee015cc48b719bd40c6416f65084a900e7889f0cf52fcfedb9be107b10/hidapi-0.15.0-cp313-cp313-manylinux_2_28_aarch64.whl", hash = "sha256:90f8bd963ae43a44036af5d689d090fab0e3eb52861186e4d2b863dd910a2726", size = 1609789, upload-time = "2025-12-09T09:45:44.112Z" },
    { url = "https://files.pythonhosted.org/packages/d3/b6/ac33532711c2ecda5a22d8b2db3223c8a13f16db6d2793ee73a809cca5b6/hidapi-0.15.0-cp313-cp313-manylinux_2_28_i686.whl", hash = "sha256:cd6edc7af885755163f4ffb29639c14f8a4ad5cca13ed641e47aa11f9646d8b6", size = 1680636, upload-time = "2025-12-09T09:45:45.67Z" },
    { url = "https://files.pythonhosted.org/packages/a3/e1/5b4426b8a77f9efbef70c0dbc1d64602d36ea8878f76c3607959901c978c/hidapi-0.15.0-cp313-cp313-musllinux_1_2_aarch64.whl", hash = "sha256:6ef0f80b2ff32ba446c9a2d4bfca6623ab5f0c05d742a0161ea1f7af2dc33b12", size = 708617, upload-time = "2025-12-09T09:45:48.874Z" },
    { url = "https://files.pythonhosted.org/packages/bb/a6/1ecdadc3e19f6755eed40f2111f447ec071e3d4f5f4f99b95d26a6d67219/hidapi-0.15.0-cp313-cp313-musllinux_1_2_i686.whl", hash = "sha256:6106d10873c1e465a2764e979fb96ec0d16bb926eedac829310830f90816cc76", size = 689589, upload-time = "2025-12-09T09:45:50.328Z" },
    { url = "https://files.pythonhosted.org/packages/d6/02/579af4220acdde5ab76d091edaa92f62e110f89131a56b11856f77779607/hidapi-0.15.0-cp313-cp313-musllinux_1_2_x86_64.whl", hash = "sha256:4f7a710df215ea3b53a81029488f78e7303b83f01a2e8478db20d7c9756588dd", size = 710213, upload-time = "2025-12-09T09:45:51.747Z" },
    { url = "https://files.pythonhosted.org/packages/f9/c7/52f2d903a607f024086829349383dcc7f0c22533fc242f26f9754eba2f06/hidapi-0.15.0-cp313-cp313-win32.whl", hash = "sha256:e4ddb57e71e2b8aca2c685b94b8587dc7d7cfae3c529a7c4076ba0775eb28d4a", size = 59749, upload-time = "2025-12-09T09:45:53.882Z" },
    { url = "https://files.pythonhosted.org/packages/d9/00/7dd3f866a748b0c9eb4adedaa025ec8c533ed1946e9e918661c948a5c0f4/hidapi-0.15.0-cp313-cp313-win_amd64.whl", hash = "sha256:04e0c1ed6d742bc6e1d00599394bec6b2afb8ee2fc5a0a183d3c4c2d4e315c34", size = 66362, upload-time = "2025-12-09T09:45:52.797Z" },
    { url = "https://files.pythonhosted.org/packages/0a/65/e9c70deb396f5baea92cd2ea7803914a55d455c3982367bae4390483e6cc/hidapi-0.15.0-cp314-cp314-macosx_10_15_x86_64.whl", hash = "sha256:0a6bb079bcd5152dd8968893aecdcbde3954b849896078f54df2254c0d1f301e", size = 69532, upload-time = "2025-12-09T09:45:55.269Z" },
    { url = "https://files.pythonhosted.org/packages/05/eb/d006a7e28ec63b5db76340e4aca6ff077ad336f8fbe64ac804b968927011/hidapi-0.15.0-cp314-cp314-macosx_11_0_arm64.whl", hash = "sha256:d80c745d285dfc9889e856226daa8eee6f9e83025ef2cb97e5fe0b1396f7818a", size = 69350, upload-time = "2025-12-09T09:45:56.695Z" },
    { url = "https://files.pythonhosted.org/packages/52/2b/95e7595eb61982c651ed2b3ecd9bae05a0298b668c801a992e4e814b22f2/hidapi-0.15.0-cp314-cp314-manylinux2014_x86_64.manylinux_2_17_x86_64.whl", hash = "sha256:b0f4411fd479345ca86742d9dda77200476a902749d8e47ed438f31ec98af418", size = 1065210, upload-time = "2025-12-09T09:46:02.484Z" },
    { url = "https://files.pythonhosted.org/packages/c7/a5/0344a7c223c3610510ec7f91f7220b0e5852c92d52aff23377f1c2888880/hidapi-0.15.0-cp314-cp314-manylinux_2_28_aarch64.whl", hash = "sha256:d93f7173dcbec61b928f4cf800bf26535f81ef3b7bd89199237207f6ca7e4f43", size = 1610362, upload-time = "2025-12-09T09:45:58.533Z" },
    { url = "https://files.pythonhosted.org/packages/d9/96/781212cf852705bc1db26edd4340b01b9ce04cadd5d327c00b64f7324978/hidapi-0.15.0-cp314-cp314-manylinux_2_28_i686.whl", hash = "sha256:dacf0b9e5d776fde69b92d68c09ab878a09486629e1fe8e6ae851252b0f33ce5", size = 1680942, upload-time = "2025-12-09T09:46:00.971Z" },
    { url = "https://files.pythonhosted.org/packages/d1/48/6d51a37d3a81355740a82cd265d4fc8485a0a279e4b545cbf790bd106f51/hidapi-0.15.0-cp314-cp314-musllinux_1_2_aarch64.whl", hash = "sha256:bda6ce04a77662e77a4b6b2598211935ca281e1cf663248d54bce75bd684fed8", size = 707550, upload-time = "2025-12-09T09:46:03.993Z" },
    { url = "https://files.pythonhosted.org/packages/86/77/175efa84ecea161c70948dc67b412b7444c2a196e4def8b305cb756077c6/hidapi-0.15.0-cp314-cp314-musllinux_1_2_i686.whl", hash = "sha256:74900b5c7e884e0e4316d4deb746e5dd294b5aaaf90eac056c4f9f19cf2c8097", size = 689865, upload-time = "2025-12-09T09:46:05.976Z" },
    { url = "https://files.pythonhosted.org/packages/7e/29/0e513390a8d686448672fabd30385f9cda6e01663765851d0cef88e6f0b1/hidapi-0.15.0-cp314-cp314-musllinux_1_2_x86_64.whl", hash = "sha256:76236468509dfcb256fa0fbd5a73708c598b3819695b7d08499ae489c82116b6", size = 706809, upload-time = "2025-12-09T09:46:07.309Z" },
    { url = "https://files.pythonhosted.org/packages/a2/d6/c0b9d8568fdb38eebb9caaa56643a81d92cccb5d59a5b44e0d975a0f3808/hidapi-0.15.0-cp314-cp314-win32.whl", hash = "sha256:901c03817306eac7edd589f09e0e07467871b45f665949cc4caa645b54abc97b", size = 61089, upload-time = "2025-12-09T09:46:09.59Z" },
    { url = "https://files.pythonhosted.org/packages/cb/14/3b27516b2867e53545164ebd8ef45d0c36857d2a062036e788e56e2e34ce/hidapi-0.15.0-cp314-cp314-win_amd64.whl", hash = "sha256:df0dd435562654e27ad0c7d045074eb1e1e016b09167dd48a258dec1ce4b9127", size = 67710, upload-time = "2025-12-09T09:46:08.677Z" },
    { url = "https://files.pythonhosted.org/packages/97/8f/ff034661faf99acaabe8954fb7db87c5242c79bf763dd972b23b1be5f104/hidapi-0.15.0-cp314-cp314t-macosx_10_15_x86_64.whl", hash = "sha256:2f16e9ea8a1d24ac7a6bf316905823eafd58f78ec815a93118d4710faf95a224", size = 70893, upload-time = "2025-12-09T09:46:10.625Z" },
    { url = "https://files.pythonhosted.org/packages/d8/44/617666a0919d06521d732ef07998306b8ddcbd96038e19348c831acd76e8/hidapi-0.15.0-cp314-cp314t-macosx_11_0_arm64.whl", hash = "sha256:77f0965ca81a9be44694e84aa18e501d5cda49e372202a38a52d22acc38deadd", size = 71430, upload-time = "2025-12-09T09:46:11.648Z" },
    { url = "https://files.pythonhosted.org/packages/64/64/129aed49fa45b6a5e2fd955618eebe93ff7e3889f05237da6b45051c77bb/hidapi-0.15.0-cp314-cp314t-manylinux2014_x86_64.manylinux_2_17_x86_64.whl", hash = "sha256:541c85b8225ce19b38ceacd404283ca1857345ccfa7ca12f54131203ff2d7f75", size = 1094257, upload-time = "2025-12-09T09:46:17.529Z" },
    { url = "https://files.pythonhosted.org/packages/17/ca/266ca521ff643957823a7f04a67030f6d2917e86e31c60c3d4878cd6b913/hidapi-0.15.0-cp314-cp314t-manylinux_2_28_aarch64.whl", hash = "sha256:89f909a6783307c2f067e8e7948f38ec43386f15d04759d11e5b32e3b2fdf3d8", size = 1663756, upload-time = "2025-12-09T09:46:13.403Z" },
    { url = "https://files.pythonhosted.org/packages/38/de/eb9d0fe6d9ccd2645e993930cc7fdeb6e12ddcdec086f3ef7dec947286ca/hidapi-0.15.0-cp314-cp314t-manylinux_2_28_i686.whl", hash = "sha256:fd32f311633fad21a52e750775cd4ea23da912199c63d1331f4d8ae00ab0874b", size = 1710998, upload-time = "2025-12-09T09:46:15.68Z" },
    { url = "https://files.pythonhosted.org/packages/07/43/e5c0cd80df4a65a468b7a9fc6891ea77435a75e64bb273104c37f12e05b3/hidapi-0.15.0-cp314-cp314t-musllinux_1_2_aarch64.whl", hash = "sha256:8f7ca38699557ab057333f1628a346073ae6088c09897b2cd9fbc68f4896780c", size = 751383, upload-time = "2025-12-09T09:46:19.183Z" },
    { url = "https://files.pythonhosted.org/packages/8c/8f/033e19857bcc3ad1b9880b5c0dfbaa7c945e577b7dee18919c1b2478484d/hidapi-0.15.0-cp314-cp314t-musllinux_1_2_i686.whl", hash = "sha256:1c4e707c82629637a311fa1a7adc1ae1386de7b539e84b4e37125e52e449318d", size = 722837, upload-time = "2025-12-09T09:46:20.707Z" },
    { url = "https://files.pythonhosted.org/packages/ff/f0/2b4e7ff42cdc6a6bf7def0591dfd3854af81038a1925ac1ed7a96578e834/hidapi-0.15.0-cp314-cp314t-musllinux_1_2_x86_64.whl", hash = "sha256:cc99bb16b359023190bf857297f6492a1c8441ccacff66dac881c9e278f5c262", size = 750923, upload-time = "2025-12-09T09:46:23.161Z" },
    { url = "https://files.pythonhosted.org/packages/bd/eb/c0676ff1f7e9ec9d99eaa428c66745cdab5b1742808f0c16061c85bd0b18/hidapi-0.15.0-cp314-cp314t-win32.whl", hash = "sha256:005c84c74c940a314b211674edc763a931ace0b63685ace88148496f563e25f9", size = 66288, upload-time = "2025-12-09T09:46:25.246Z" },
    { url = "https://files.pythonhosted.org/packages/cd/5b/f22dbf886824559d3e66d84710c5fb48c09856e6816885da97f2f51700eb/hidapi-0.15.0-cp314-cp314t-win_amd64.whl", hash = "sha256:e384430363d400c4ffb33fe65f22a61c9f288a870158dc5a9f5c9d917b7250c7", size = 74723, upload-time = "2025-12-09T09:46:24.36Z" },
]

[[package]]
name = "linkify-it-py"
version = "2.1.0"
source = { registry = "https://pypi.org/simple" }
dependencies = [
    { name = "uc-micro-py" },
]
sdist = { url = "https://files.pythonhosted.org/packages/2e/c9/06ea13676ef354f0af6169587ae292d3e2406e212876a413bf9eece4eb23/linkify_it_py-2.1.0.tar.gz", hash = "sha256:43360231720999c10e9328dc3691160e27a718e280673d444c38d7d3aaa3b98b", size = 29158, upload-time = "2026-03-01T07:48:47.683Z" }
wheels = [
    { url = "https://files.pythonhosted.org/packages/b4/de/88b3be5c31b22333b3ca2f6ff1de4e863d8fe45aaea7485f591970ec1d3e/linkify_it_py-2.1.0-py3-none-any.whl", hash = "sha256:0d252c1594ecba2ecedc444053db5d3a9b7ec1b0dd929c8f1d74dce89f86c05e", size = 19878, upload-time = "2026-03-01T07:48:46.098Z" },
]

[[package]]
name = "markdown-it-py"
version = "4.2.0"
source = { registry = "https://pypi.org/simple" }
dependencies = [
    { name = "mdurl" },
]
sdist = { url = "https://files.pythonhosted.org/packages/06/ff/7841249c247aa650a76b9ee4bbaeae59370dc8bfd2f6c01f3630c35eb134/markdown_it_py-4.2.0.tar.gz", hash = "sha256:04a21681d6fbb623de53f6f364d352309d4094dd4194040a10fd51833e418d49", size = 82454, upload-time = "2026-05-07T12:08:28.36Z" }
wheels = [
    { url = "https://files.pythonhosted.org/packages/b3/81/4da04ced5a082363ecfa159c010d200ecbd959ae410c10c0264a38cac0f5/markdown_it_py-4.2.0-py3-none-any.whl", hash = "sha256:9f7ebbcd14fe59494226453aed97c1070d83f8d24b6fc3a3bcf9a38092641c4a", size = 91687, upload-time = "2026-05-07T12:08:27.182Z" },
]

[package.optional-dependencies]
linkify = [
    { name = "linkify-it-py" },
]

[[package]]
name = "mdit-py-plugins"
version = "0.6.1"
source = { registry = "https://pypi.org/simple" }
dependencies = [
    { name = "markdown-it-py" },
]
sdist = { url = "https://files.pythonhosted.org/packages/59/fc/f8d0863f8862f25602c0404d75568e89fb6b4109804645e5cdfb1be5cf56/mdit_py_plugins-0.6.1.tar.gz", hash = "sha256:a2bca0f039f39dbd35fb74ae1b5f998608c437463371f0ff7f49a19a17a114d0", size = 56114, upload-time = "2026-05-13T09:03:38.91Z" }
wheels = [
    { url = "https://files.pythonhosted.org/packages/a5/69/6da5581c6a7fede7dc261bf4e67d6adca4196f176b43288b55b3db395b6e/mdit_py_plugins-0.6.1-py3-none-any.whl", hash = "sha256:214c82fb2ac524472ab6a5bcab1de80f73b50443e187f401bfd77efbc7c6481d", size = 66663, upload-time = "2026-05-13T09:03:37.76Z" },
]

[[package]]
name = "mdurl"
version = "0.1.2"
source = { registry = "https://pypi.org/simple" }
sdist = { url = "https://files.pythonhosted.org/packages/d6/54/cfe61301667036ec958cb99bd3efefba235e65cdeb9c84d24a8293ba1d90/mdurl-0.1.2.tar.gz", hash = "sha256:bb413d29f5eea38f31dd4754dd7377d4465116fb207585f97bf925588687c1ba", size = 8729, upload-time = "2022-08-14T12:40:10.846Z" }
wheels = [
    { url = "https://files.pythonhosted.org/packages/b3/38/89ba8ad64ae25be8de66a6d463314cf1eb366222074cfda9ee839c56a4b4/mdurl-0.1.2-py3-none-any.whl", hash = "sha256:84008a41e51615a49fc9966191ff91509e3c40b939176e643fd50a5c2196b8f8", size = 9979, upload-time = "2022-08-14T12:40:09.779Z" },
]

[[package]]
name = "platformdirs"
version = "4.9.6"
source = { registry = "https://pypi.org/simple" }
sdist = { url = "https://files.pythonhosted.org/packages/9f/4a/0883b8e3802965322523f0b200ecf33d31f10991d0401162f4b23c698b42/platformdirs-4.9.6.tar.gz", hash = "sha256:3bfa75b0ad0db84096ae777218481852c0ebc6c727b3168c1b9e0118e458cf0a", size = 29400, upload-time = "2026-04-09T00:04:10.812Z" }
wheels = [
    { url = "https://files.pythonhosted.org/packages/75/a6/a0a304dc33b49145b21f4808d763822111e67d1c3a32b524a1baf947b6e1/platformdirs-4.9.6-py3-none-any.whl", hash = "sha256:e61adb1d5e5cb3441b4b7710bea7e4c12250ca49439228cc1021c00dcfac0917", size = 21348, upload-time = "2026-04-09T00:04:09.463Z" },
]

[[package]]
name = "psutil"
version = "7.2.2"
source = { registry = "https://pypi.org/simple" }
sdist = { url = "https://files.pythonhosted.org/packages/aa/c6/d1ddf4abb55e93cebc4f2ed8b5d6dbad109ecb8d63748dd2b20ab5e57ebe/psutil-7.2.2.tar.gz", hash = "sha256:0746f5f8d406af344fd547f1c8daa5f5c33dbc293bb8d6a16d80b4bb88f59372", size = 493740, upload-time = "2026-01-28T18:14:54.428Z" }
wheels = [
    { url = "https://files.pythonhosted.org/packages/51/08/510cbdb69c25a96f4ae523f733cdc963ae654904e8db864c07585ef99875/psutil-7.2.2-cp313-cp313t-macosx_10_13_x86_64.whl", hash = "sha256:2edccc433cbfa046b980b0df0171cd25bcaeb3a68fe9022db0979e7aa74a826b", size = 130595, upload-time = "2026-01-28T18:14:57.293Z" },
    { url = "https://files.pythonhosted.org/packages/d6/f5/97baea3fe7a5a9af7436301f85490905379b1c6f2dd51fe3ecf24b4c5fbf/psutil-7.2.2-cp313-cp313t-macosx_11_0_arm64.whl", hash = "sha256:e78c8603dcd9a04c7364f1a3e670cea95d51ee865e4efb3556a3a63adef958ea", size = 131082, upload-time = "2026-01-28T18:14:59.732Z" },
    { url = "https://files.pythonhosted.org/packages/37/d6/246513fbf9fa174af531f28412297dd05241d97a75911ac8febefa1a53c6/psutil-7.2.2-cp313-cp313t-manylinux2010_x86_64.manylinux_2_12_x86_64.manylinux_2_28_x86_64.whl", hash = "sha256:1a571f2330c966c62aeda00dd24620425d4b0cc86881c89861fbc04549e5dc63", size = 181476, upload-time = "2026-01-28T18:15:01.884Z" },
    { url = "https://files.pythonhosted.org/packages/b8/b5/9182c9af3836cca61696dabe4fd1304e17bc56cb62f17439e1154f225dd3/psutil-7.2.2-cp313-cp313t-manylinux2014_aarch64.manylinux_2_17_aarch64.manylinux_2_28_aarch64.whl", hash = "sha256:917e891983ca3c1887b4ef36447b1e0873e70c933afc831c6b6da078ba474312", size = 184062, upload-time = "2026-01-28T18:15:04.436Z" },
    { url = "https://files.pythonhosted.org/packages/16/ba/0756dca669f5a9300d0cbcbfae9a4c30e446dfc7440ffe43ded5724bfd93/psutil-7.2.2-cp313-cp313t-win_amd64.whl", hash = "sha256:ab486563df44c17f5173621c7b198955bd6b613fb87c71c161f827d3fb149a9b", size = 139893, upload-time = "2026-01-28T18:15:06.378Z" },
    { url = "https://files.pythonhosted.org/packages/1c/61/8fa0e26f33623b49949346de05ec1ddaad02ed8ba64af45f40a147dbfa97/psutil-7.2.2-cp313-cp313t-win_arm64.whl", hash = "sha256:ae0aefdd8796a7737eccea863f80f81e468a1e4cf14d926bd9b6f5f2d5f90ca9", size = 135589, upload-time = "2026-01-28T18:15:08.03Z" },
    { url = "https://files.pythonhosted.org/packages/81/69/ef179ab5ca24f32acc1dac0c247fd6a13b501fd5534dbae0e05a1c48b66d/psutil-7.2.2-cp314-cp314t-macosx_10_15_x86_64.whl", hash = "sha256:eed63d3b4d62449571547b60578c5b2c4bcccc5387148db46e0c2313dad0ee00", size = 130664, upload-time = "2026-01-28T18:15:09.469Z" },
    { url = "https://files.pythonhosted.org/packages/7b/64/665248b557a236d3fa9efc378d60d95ef56dd0a490c2cd37dafc7660d4a9/psutil-7.2.2-cp314-cp314t-macosx_11_0_arm64.whl", hash = "sha256:7b6d09433a10592ce39b13d7be5a54fbac1d1228ed29abc880fb23df7cb694c9", size = 131087, upload-time = "2026-01-28T18:15:11.724Z" },
    { url = "https://files.pythonhosted.org/packages/d5/2e/e6782744700d6759ebce3043dcfa661fb61e2fb752b91cdeae9af12c2178/psutil-7.2.2-cp314-cp314t-manylinux2010_x86_64.manylinux_2_12_x86_64.manylinux_2_28_x86_64.whl", hash = "sha256:1fa4ecf83bcdf6e6c8f4449aff98eefb5d0604bf88cb883d7da3d8d2d909546a", size = 182383, upload-time = "2026-01-28T18:15:13.445Z" },
    { url = "https://files.pythonhosted.org/packages/57/49/0a41cefd10cb7505cdc04dab3eacf24c0c2cb158a998b8c7b1d27ee2c1f5/psutil-7.2.2-cp314-cp314t-manylinux2014_aarch64.manylinux_2_17_aarch64.manylinux_2_28_aarch64.whl", hash = "sha256:e452c464a02e7dc7822a05d25db4cde564444a67e58539a00f929c51eddda0cf", size = 185210, upload-time = "2026-01-28T18:15:16.002Z" },
    { url = "https://files.pythonhosted.org/packages/dd/2c/ff9bfb544f283ba5f83ba725a3c5fec6d6b10b8f27ac1dc641c473dc390d/psutil-7.2.2-cp314-cp314t-win_amd64.whl", hash = "sha256:c7663d4e37f13e884d13994247449e9f8f574bc4655d509c3b95e9ec9e2b9dc1", size = 141228, upload-time = "2026-01-28T18:15:18.385Z" },
    { url = "https://files.pythonhosted.org/packages/f2/fc/f8d9c31db14fcec13748d373e668bc3bed94d9077dbc17fb0eebc073233c/psutil-7.2.2-cp314-cp314t-win_arm64.whl", hash = "sha256:11fe5a4f613759764e79c65cf11ebdf26e33d6dd34336f8a337aa2996d71c841", size = 136284, upload-time = "2026-01-28T18:15:19.912Z" },
    { url = "https://files.pythonhosted.org/packages/e7/36/5ee6e05c9bd427237b11b3937ad82bb8ad2752d72c6969314590dd0c2f6e/psutil-7.2.2-cp36-abi3-macosx_10_9_x86_64.whl", hash = "sha256:ed0cace939114f62738d808fdcecd4c869222507e266e574799e9c0faa17d486", size = 129090, upload-time = "2026-01-28T18:15:22.168Z" },
    { url = "https://files.pythonhosted.org/packages/80/c4/f5af4c1ca8c1eeb2e92ccca14ce8effdeec651d5ab6053c589b074eda6e1/psutil-7.2.2-cp36-abi3-macosx_11_0_arm64.whl", hash = "sha256:1a7b04c10f32cc88ab39cbf606e117fd74721c831c98a27dc04578deb0c16979", size = 129859, upload-time = "2026-01-28T18:15:23.795Z" },
    { url = "https://files.pythonhosted.org/packages/b5/70/5d8df3b09e25bce090399cf48e452d25c935ab72dad19406c77f4e828045/psutil-7.2.2-cp36-abi3-manylinux2010_x86_64.manylinux_2_12_x86_64.manylinux_2_28_x86_64.whl", hash = "sha256:076a2d2f923fd4821644f5ba89f059523da90dc9014e85f8e45a5774ca5bc6f9", size = 155560, upload-time = "2026-01-28T18:15:25.976Z" },
    { url = "https://files.pythonhosted.org/packages/63/65/37648c0c158dc222aba51c089eb3bdfa238e621674dc42d48706e639204f/psutil-7.2.2-cp36-abi3-manylinux2014_aarch64.manylinux_2_17_aarch64.manylinux_2_28_aarch64.whl", hash = "sha256:b0726cecd84f9474419d67252add4ac0cd9811b04d61123054b9fb6f57df6e9e", size = 156997, upload-time = "2026-01-28T18:15:27.794Z" },
    { url = "https://files.pythonhosted.org/packages/8e/13/125093eadae863ce03c6ffdbae9929430d116a246ef69866dad94da3bfbc/psutil-7.2.2-cp36-abi3-musllinux_1_2_aarch64.whl", hash = "sha256:fd04ef36b4a6d599bbdb225dd1d3f51e00105f6d48a28f006da7f9822f2606d8", size = 148972, upload-time = "2026-01-28T18:15:29.342Z" },
    { url = "https://files.pythonhosted.org/packages/04/78/0acd37ca84ce3ddffaa92ef0f571e073faa6d8ff1f0559ab1272188ea2be/psutil-7.2.2-cp36-abi3-musllinux_1_2_x86_64.whl", hash = "sha256:b58fabe35e80b264a4e3bb23e6b96f9e45a3df7fb7eed419ac0e5947c61e47cc", size = 148266, upload-time = "2026-01-28T18:15:31.597Z" },
    { url = "https://files.pythonhosted.org/packages/b4/90/e2159492b5426be0c1fef7acba807a03511f97c5f86b3caeda6ad92351a7/psutil-7.2.2-cp37-abi3-win_amd64.whl", hash = "sha256:eb7e81434c8d223ec4a219b5fc1c47d0417b12be7ea866e24fb5ad6e84b3d988", size = 137737, upload-time = "2026-01-28T18:15:33.849Z" },
    { url = "https://files.pythonhosted.org/packages/8c/c7/7bb2e321574b10df20cbde462a94e2b71d05f9bbda251ef27d104668306a/psutil-7.2.2-cp37-abi3-win_arm64.whl", hash = "sha256:8c233660f575a5a89e6d4cb65d9f938126312bca76d8fe087b947b3a1aaac9ee", size = 134617, upload-time = "2026-01-28T18:15:36.514Z" },
]

[[package]]
name = "pygments"
version = "2.20.0"
source = { registry = "https://pypi.org/simple" }
sdist = { url = "https://files.pythonhosted.org/packages/c3/b2/bc9c9196916376152d655522fdcebac55e66de6603a76a02bca1b6414f6c/pygments-2.20.0.tar.gz", hash = "sha256:6757cd03768053ff99f3039c1a36d6c0aa0b263438fcab17520b30a303a82b5f", size = 4955991, upload-time = "2026-03-29T13:29:33.898Z" }
wheels = [
    { url = "https://files.pythonhosted.org/packages/f4/7e/a72dd26f3b0f4f2bf1dd8923c85f7ceb43172af56d63c7383eb62b332364/pygments-2.20.0-py3-none-any.whl", hash = "sha256:81a9e26dd42fd28a23a2d169d86d7ac03b46e2f8b59ed4698fb4785f946d0176", size = 1231151, upload-time = "2026-03-29T13:29:30.038Z" },
]

[[package]]
name = "python-dotenv"
version = "1.2.2"
source = { registry = "https://pypi.org/simple" }
sdist = { url = "https://files.pythonhosted.org/packages/82/ed/0301aeeac3e5353ef3d94b6ec08bbcabd04a72018415dcb29e588514bba8/python_dotenv-1.2.2.tar.gz", hash = "sha256:2c371a91fbd7ba082c2c1dc1f8bf89ca22564a087c2c287cd9b662adde799cf3", size = 50135, upload-time = "2026-03-01T16:00:26.196Z" }
wheels = [
    { url = "https://files.pythonhosted.org/packages/0b/d7/1959b9648791274998a9c3526f6d0ec8fd2233e4d4acce81bbae76b44b2a/python_dotenv-1.2.2-py3-none-any.whl", hash = "sha256:1d8214789a24de455a8b8bd8ae6fe3c6b69a5e3d64aa8a8e5d68e694bbcb285a", size = 22101, upload-time = "2026-03-01T16:00:25.09Z" },
]

[[package]]
name = "rich"
version = "15.0.0"
source = { registry = "https://pypi.org/simple" }
dependencies = [
    { name = "markdown-it-py" },
    { name = "pygments" },
]
sdist = { url = "https://files.pythonhosted.org/packages/c0/8f/0722ca900cc807c13a6a0c696dacf35430f72e0ec571c4275d2371fca3e9/rich-15.0.0.tar.gz", hash = "sha256:edd07a4824c6b40189fb7ac9bc4c52536e9780fbbfbddf6f1e2502c31b068c36", size = 230680, upload-time = "2026-04-12T08:24:00.75Z" }
wheels = [
    { url = "https://files.pythonhosted.org/packages/82/3b/64d4899d73f91ba49a8c18a8ff3f0ea8f1c1d75481760df8c68ef5235bf5/rich-15.0.0-py3-none-any.whl", hash = "sha256:33bd4ef74232fb73fe9279a257718407f169c09b78a87ad3d296f548e27de0bb", size = 310654, upload-time = "2026-04-12T08:24:02.83Z" },
]

[[package]]
name = "textual"
version = "8.2.7"
source = { registry = "https://pypi.org/simple" }
dependencies = [
    { name = "markdown-it-py", extra = ["linkify"] },
    { name = "mdit-py-plugins" },
    { name = "platformdirs" },
    { name = "pygments" },
    { name = "rich" },
    { name = "typing-extensions" },
]
sdist = { url = "https://files.pythonhosted.org/packages/9b/7a/c519db0aba5024f86e71e9631810bfdd6866ed2c8695bd7fa34b90e7ef59/textual-8.2.7.tar.gz", hash = "sha256:658f568ff81e30ed43890c3e07520390e5cf1b4763822006e060656b0a88f105", size = 1859249, upload-time = "2026-05-19T10:52:49.531Z" }
wheels = [
    { url = "https://files.pythonhosted.org/packages/a8/f5/c1e18bc0707300a0e90204343abbf7d7acd6fb7ebe03a6d4893b99a234b8/textual-8.2.7-py3-none-any.whl", hash = "sha256:4caaa13a90bc4cf9c6c862c067ccd34fe84e9c161710a2a907a8026313b6bd73", size = 731129, upload-time = "2026-05-19T10:52:51.773Z" },
]

[[package]]
name = "typing-extensions"
version = "4.15.0"
source = { registry = "https://pypi.org/simple" }
sdist = { url = "https://files.pythonhosted.org/packages/72/94/1a15dd82efb362ac84269196e94cf00f187f7ed21c242792a923cdb1c61f/typing_extensions-4.15.0.tar.gz", hash = "sha256:0cea48d173cc12fa28ecabc3b837ea3cf6f38c6d1136f85cbaaf598984861466", size = 109391, upload-time = "2025-08-25T13:49:26.313Z" }
wheels = [
    { url = "https://files.pythonhosted.org/packages/18/67/36e9267722cc04a6b9f15c7f3441c2363321a3ea07da7ae0c0707beb2a9c/typing_extensions-4.15.0-py3-none-any.whl", hash = "sha256:f0fa19c6845758ab08074a0cfa8b7aecb71c999ca73d62883bc25cc018c4e548", size = 44614, upload-time = "2025-08-25T13:49:24.86Z" },
]

[[package]]
name = "uc-micro-py"
version = "2.0.0"
source = { registry = "https://pypi.org/simple" }
sdist = { url = "https://files.pythonhosted.org/packages/78/67/9a363818028526e2d4579334460df777115bdec1bb77c08f9db88f6389f2/uc_micro_py-2.0.0.tar.gz", hash = "sha256:c53691e495c8db60e16ffc4861a35469b0ba0821fe409a8a7a0a71864d33a811", size = 6611, upload-time = "2026-03-01T06:31:27.526Z" }
wheels = [
    { url = "https://files.pythonhosted.org/packages/61/73/d21edf5b204d1467e06500080a50f79d49ef2b997c79123a536d4a17d97c/uc_micro_py-2.0.0-py3-none-any.whl", hash = "sha256:3603a3859af53e5a39bc7677713c78ea6589ff188d70f4fee165db88e22b242c", size = 6383, upload-time = "2026-03-01T06:31:26.257Z" },
]
